// !$*UTF8*$!
{
	archiveVersion = 1;
	classes = {
	};
	objectVersion = 48;
	objects = {

/* Begin PBXBuildFile section */
		221FFBDF20BB41310024F6E8 /* RootFlowController.swift in Sources */ = {isa = PBXBuildFile; fileRef = 221FFBD920BB41310024F6E8 /* RootFlowController.swift */; };
		221FFBE120BB41310024F6E8 /* GroupListFlowController.swift in Sources */ = {isa = PBXBuildFile; fileRef = 221FFBDC20BB41310024F6E8 /* GroupListFlowController.swift */; };
		221FFBE220BB41310024F6E8 /* FlowController.swift in Sources */ = {isa = PBXBuildFile; fileRef = 221FFBDE20BB41310024F6E8 /* FlowController.swift */; };
		221FFBE420BB41DA0024F6E8 /* GroupManagementService.swift in Sources */ = {isa = PBXBuildFile; fileRef = 221FFBE320BB41D90024F6E8 /* GroupManagementService.swift */; };
		221FFBEB20BB435C0024F6E8 /* GroupDetailViewModel.swift in Sources */ = {isa = PBXBuildFile; fileRef = 221FFBE620BB435C0024F6E8 /* GroupDetailViewModel.swift */; };
		221FFBEC20BB435C0024F6E8 /* GroupDetailViewController.swift in Sources */ = {isa = PBXBuildFile; fileRef = 221FFBE720BB435C0024F6E8 /* GroupDetailViewController.swift */; };
		221FFBED20BB435C0024F6E8 /* GroupListViewController.swift in Sources */ = {isa = PBXBuildFile; fileRef = 221FFBE920BB435C0024F6E8 /* GroupListViewController.swift */; };
		221FFBEE20BB435C0024F6E8 /* GroupListViewModel.swift in Sources */ = {isa = PBXBuildFile; fileRef = 221FFBEA20BB435C0024F6E8 /* GroupListViewModel.swift */; };
		221FFBF120BB44B20024F6E8 /* UserDefaultsManager.swift in Sources */ = {isa = PBXBuildFile; fileRef = 221FFBF020BB44B20024F6E8 /* UserDefaultsManager.swift */; };
		221FFBF320BB4AFB0024F6E8 /* Groups.storyboard in Resources */ = {isa = PBXBuildFile; fileRef = 221FFBF220BB4AFB0024F6E8 /* Groups.storyboard */; };
		226372F020BB09F6005B3908 /* AppDelegate.swift in Sources */ = {isa = PBXBuildFile; fileRef = 226372EF20BB09F6005B3908 /* AppDelegate.swift */; };
		226372F720BB0A51005B3908 /* RawColors.swift in Sources */ = {isa = PBXBuildFile; fileRef = 226372F220BB0A51005B3908 /* RawColors.swift */; };
		226372F820BB0A51005B3908 /* Strings.swift in Sources */ = {isa = PBXBuildFile; fileRef = 226372F320BB0A51005B3908 /* Strings.swift */; };
		226372F920BB0A51005B3908 /* Font.swift in Sources */ = {isa = PBXBuildFile; fileRef = 226372F420BB0A51005B3908 /* Font.swift */; };
		226372FA20BB0A51005B3908 /* GeneralConstants.swift in Sources */ = {isa = PBXBuildFile; fileRef = 226372F520BB0A51005B3908 /* GeneralConstants.swift */; };
		226372FB20BB0A51005B3908 /* ImageAssets.swift in Sources */ = {isa = PBXBuildFile; fileRef = 226372F620BB0A51005B3908 /* ImageAssets.swift */; };
		2263732520BB0B70005B3908 /* ViewModel.swift in Sources */ = {isa = PBXBuildFile; fileRef = 2263731020BB0B70005B3908 /* ViewModel.swift */; };
		2263732620BB0B70005B3908 /* AppStyle.swift in Sources */ = {isa = PBXBuildFile; fileRef = 2263731220BB0B70005B3908 /* AppStyle.swift */; };
		2263732720BB0B70005B3908 /* ErrorDisplayManager.swift in Sources */ = {isa = PBXBuildFile; fileRef = 2263731420BB0B70005B3908 /* ErrorDisplayManager.swift */; };
		2263732820BB0B70005B3908 /* NavBarButtonItemType.swift in Sources */ = {isa = PBXBuildFile; fileRef = 2263731520BB0B70005B3908 /* NavBarButtonItemType.swift */; };
		2263732920BB0B70005B3908 /* GroupTableViewCell.swift in Sources */ = {isa = PBXBuildFile; fileRef = 2263731820BB0B70005B3908 /* GroupTableViewCell.swift */; };
		2263732C20BB0BDD005B3908 /* LaunchScreen.storyboard in Resources */ = {isa = PBXBuildFile; fileRef = 2263732A20BB0BDD005B3908 /* LaunchScreen.storyboard */; };
		2263733420BB0E0D005B3908 /* Error.swift in Sources */ = {isa = PBXBuildFile; fileRef = 2263733020BB0E0D005B3908 /* Error.swift */; };
		2263734520BB11AE005B3908 /* Localizable.strings in Resources */ = {isa = PBXBuildFile; fileRef = 2263733C20BB11AD005B3908 /* Localizable.strings */; };
		2263734620BB11AE005B3908 /* Assets.xcassets in Resources */ = {isa = PBXBuildFile; fileRef = 2263733E20BB11AD005B3908 /* Assets.xcassets */; };
		2263734720BB11AE005B3908 /* colors.txt in Resources */ = {isa = PBXBuildFile; fileRef = 2263734020BB11AD005B3908 /* colors.txt */; };
		2263735E20BB386C005B3908 /* SqliteDbClient.swift in Sources */ = {isa = PBXBuildFile; fileRef = 2263735020BB386C005B3908 /* SqliteDbClient.swift */; };
		2263736020BB386C005B3908 /* DatabaseManager.swift in Sources */ = {isa = PBXBuildFile; fileRef = 2263735220BB386C005B3908 /* DatabaseManager.swift */; };
		2263736220BB386C005B3908 /* GroupResponse.swift in Sources */ = {isa = PBXBuildFile; fileRef = 2263735820BB386C005B3908 /* GroupResponse.swift */; };
		2263736320BB386C005B3908 /* LoadGroupsOperation.swift in Sources */ = {isa = PBXBuildFile; fileRef = 2263735A20BB386C005B3908 /* LoadGroupsOperation.swift */; };
		2263736420BB386C005B3908 /* BaseServerOperation.swift in Sources */ = {isa = PBXBuildFile; fileRef = 2263735C20BB386C005B3908 /* BaseServerOperation.swift */; };
		2263736820BB3AB0005B3908 /* GroupIds.sqlite in Resources */ = {isa = PBXBuildFile; fileRef = 2263736720BB3AB0005B3908 /* GroupIds.sqlite */; };
		2263736A20BB3BD3005B3908 /* Group.swift in Sources */ = {isa = PBXBuildFile; fileRef = 2263736920BB3BD3005B3908 /* Group.swift */; };
		C4C16318598F3826A4FD2AEB /* Pods_Groups.framework in Frameworks */ = {isa = PBXBuildFile; fileRef = 453DFA77EFF008BA710BA220 /* Pods_Groups.framework */; };
/* End PBXBuildFile section */

/* Begin PBXFileReference section */
		065ED3C829FAA057B497DBE2 /* Pods-Groups.debug.xcconfig */ = {isa = PBXFileReference; includeInIndex = 1; lastKnownFileType = text.xcconfig; name = "Pods-Groups.debug.xcconfig"; path = "Pods/Target Support Files/Pods-Groups/Pods-Groups.debug.xcconfig"; sourceTree = "<group>"; };
		221FFBD920BB41310024F6E8 /* RootFlowController.swift */ = {isa = PBXFileReference; fileEncoding = 4; lastKnownFileType = sourcecode.swift; path = RootFlowController.swift; sourceTree = "<group>"; };
		221FFBDC20BB41310024F6E8 /* GroupListFlowController.swift */ = {isa = PBXFileReference; fileEncoding = 4; lastKnownFileType = sourcecode.swift; path = GroupListFlowController.swift; sourceTree = "<group>"; };
		221FFBDE20BB41310024F6E8 /* FlowController.swift */ = {isa = PBXFileReference; fileEncoding = 4; lastKnownFileType = sourcecode.swift; path = FlowController.swift; sourceTree = "<group>"; };
		221FFBE320BB41D90024F6E8 /* GroupManagementService.swift */ = {isa = PBXFileReference; fileEncoding = 4; lastKnownFileType = sourcecode.swift; path = GroupManagementService.swift; sourceTree = "<group>"; };
		221FFBE620BB435C0024F6E8 /* GroupDetailViewModel.swift */ = {isa = PBXFileReference; fileEncoding = 4; lastKnownFileType = sourcecode.swift; path = GroupDetailViewModel.swift; sourceTree = "<group>"; };
		221FFBE720BB435C0024F6E8 /* GroupDetailViewController.swift */ = {isa = PBXFileReference; fileEncoding = 4; lastKnownFileType = sourcecode.swift; path = GroupDetailViewController.swift; sourceTree = "<group>"; };
		221FFBE920BB435C0024F6E8 /* GroupListViewController.swift */ = {isa = PBXFileReference; fileEncoding = 4; lastKnownFileType = sourcecode.swift; path = GroupListViewController.swift; sourceTree = "<group>"; };
		221FFBEA20BB435C0024F6E8 /* GroupListViewModel.swift */ = {isa = PBXFileReference; fileEncoding = 4; lastKnownFileType = sourcecode.swift; path = GroupListViewModel.swift; sourceTree = "<group>"; };
		221FFBF020BB44B20024F6E8 /* UserDefaultsManager.swift */ = {isa = PBXFileReference; fileEncoding = 4; lastKnownFileType = sourcecode.swift; path = UserDefaultsManager.swift; sourceTree = "<group>"; };
		221FFBF220BB4AFB0024F6E8 /* Groups.storyboard */ = {isa = PBXFileReference; fileEncoding = 4; lastKnownFileType = file.storyboard; path = Groups.storyboard; sourceTree = "<group>"; };
		226372D820BB09B3005B3908 /* Groups.app */ = {isa = PBXFileReference; explicitFileType = wrapper.application; includeInIndex = 0; path = Groups.app; sourceTree = BUILT_PRODUCTS_DIR; };
		226372EF20BB09F6005B3908 /* AppDelegate.swift */ = {isa = PBXFileReference; fileEncoding = 4; lastKnownFileType = sourcecode.swift; path = AppDelegate.swift; sourceTree = "<group>"; };
		226372F220BB0A51005B3908 /* RawColors.swift */ = {isa = PBXFileReference; fileEncoding = 4; lastKnownFileType = sourcecode.swift; path = RawColors.swift; sourceTree = "<group>"; };
		226372F320BB0A51005B3908 /* Strings.swift */ = {isa = PBXFileReference; fileEncoding = 4; lastKnownFileType = sourcecode.swift; path = Strings.swift; sourceTree = "<group>"; };
		226372F420BB0A51005B3908 /* Font.swift */ = {isa = PBXFileReference; fileEncoding = 4; lastKnownFileType = sourcecode.swift; path = Font.swift; sourceTree = "<group>"; };
		226372F520BB0A51005B3908 /* GeneralConstants.swift */ = {isa = PBXFileReference; fileEncoding = 4; lastKnownFileType = sourcecode.swift; path = GeneralConstants.swift; sourceTree = "<group>"; };
		226372F620BB0A51005B3908 /* ImageAssets.swift */ = {isa = PBXFileReference; fileEncoding = 4; lastKnownFileType = sourcecode.swift; path = ImageAssets.swift; sourceTree = "<group>"; };
		2263731020BB0B70005B3908 /* ViewModel.swift */ = {isa = PBXFileReference; fileEncoding = 4; lastKnownFileType = sourcecode.swift; path = ViewModel.swift; sourceTree = "<group>"; };
		2263731220BB0B70005B3908 /* AppStyle.swift */ = {isa = PBXFileReference; fileEncoding = 4; lastKnownFileType = sourcecode.swift; path = AppStyle.swift; sourceTree = "<group>"; };
		2263731420BB0B70005B3908 /* ErrorDisplayManager.swift */ = {isa = PBXFileReference; fileEncoding = 4; lastKnownFileType = sourcecode.swift; path = ErrorDisplayManager.swift; sourceTree = "<group>"; };
		2263731520BB0B70005B3908 /* NavBarButtonItemType.swift */ = {isa = PBXFileReference; fileEncoding = 4; lastKnownFileType = sourcecode.swift; path = NavBarButtonItemType.swift; sourceTree = "<group>"; };
		2263731820BB0B70005B3908 /* GroupTableViewCell.swift */ = {isa = PBXFileReference; fileEncoding = 4; lastKnownFileType = sourcecode.swift; path = GroupTableViewCell.swift; sourceTree = "<group>"; };
		2263732A20BB0BDD005B3908 /* LaunchScreen.storyboard */ = {isa = PBXFileReference; fileEncoding = 4; lastKnownFileType = file.storyboard; path = LaunchScreen.storyboard; sourceTree = "<group>"; };
		2263733020BB0E0D005B3908 /* Error.swift */ = {isa = PBXFileReference; fileEncoding = 4; lastKnownFileType = sourcecode.swift; path = Error.swift; sourceTree = "<group>"; };
		2263733820BB113B005B3908 /* Info.plist */ = {isa = PBXFileReference; fileEncoding = 4; lastKnownFileType = text.plist.xml; path = Info.plist; sourceTree = "<group>"; };
		2263733C20BB11AD005B3908 /* Localizable.strings */ = {isa = PBXFileReference; fileEncoding = 4; lastKnownFileType = text.plist.strings; path = Localizable.strings; sourceTree = "<group>"; };
		2263733E20BB11AD005B3908 /* Assets.xcassets */ = {isa = PBXFileReference; lastKnownFileType = folder.assetcatalog; path = Assets.xcassets; sourceTree = "<group>"; };
		2263734020BB11AD005B3908 /* colors.txt */ = {isa = PBXFileReference; fileEncoding = 4; lastKnownFileType = text; path = colors.txt; sourceTree = "<group>"; };
		2263735020BB386C005B3908 /* SqliteDbClient.swift */ = {isa = PBXFileReference; fileEncoding = 4; lastKnownFileType = sourcecode.swift; path = SqliteDbClient.swift; sourceTree = "<group>"; };
		2263735220BB386C005B3908 /* DatabaseManager.swift */ = {isa = PBXFileReference; fileEncoding = 4; lastKnownFileType = sourcecode.swift; path = DatabaseManager.swift; sourceTree = "<group>"; };
		2263735820BB386C005B3908 /* GroupResponse.swift */ = {isa = PBXFileReference; fileEncoding = 4; lastKnownFileType = sourcecode.swift; path = GroupResponse.swift; sourceTree = "<group>"; };
		2263735A20BB386C005B3908 /* LoadGroupsOperation.swift */ = {isa = PBXFileReference; fileEncoding = 4; lastKnownFileType = sourcecode.swift; path = LoadGroupsOperation.swift; sourceTree = "<group>"; };
		2263735C20BB386C005B3908 /* BaseServerOperation.swift */ = {isa = PBXFileReference; fileEncoding = 4; lastKnownFileType = sourcecode.swift; path = BaseServerOperation.swift; sourceTree = "<group>"; };
		2263736720BB3AB0005B3908 /* GroupIds.sqlite */ = {isa = PBXFileReference; fileEncoding = 4; lastKnownFileType = text; path = GroupIds.sqlite; sourceTree = "<group>"; };
		2263736920BB3BD3005B3908 /* Group.swift */ = {isa = PBXFileReference; lastKnownFileType = sourcecode.swift; path = Group.swift; sourceTree = "<group>"; };
		453DFA77EFF008BA710BA220 /* Pods_Groups.framework */ = {isa = PBXFileReference; explicitFileType = wrapper.framework; includeInIndex = 0; path = Pods_Groups.framework; sourceTree = BUILT_PRODUCTS_DIR; };
		68A5D3882C77C548F831A29D /* Pods-Test.release.xcconfig */ = {isa = PBXFileReference; includeInIndex = 1; lastKnownFileType = text.xcconfig; name = "Pods-Test.release.xcconfig"; path = "Pods/Target Support Files/Pods-Test/Pods-Test.release.xcconfig"; sourceTree = "<group>"; };
		7810D567F96B33A80EA34D42 /* Pods-Test.debug.xcconfig */ = {isa = PBXFileReference; includeInIndex = 1; lastKnownFileType = text.xcconfig; name = "Pods-Test.debug.xcconfig"; path = "Pods/Target Support Files/Pods-Test/Pods-Test.debug.xcconfig"; sourceTree = "<group>"; };
		7C1D19F4E954A1BFD2FC0115 /* Pods-Groups.release.xcconfig */ = {isa = PBXFileReference; includeInIndex = 1; lastKnownFileType = text.xcconfig; name = "Pods-Groups.release.xcconfig"; path = "Pods/Target Support Files/Pods-Groups/Pods-Groups.release.xcconfig"; sourceTree = "<group>"; };
		DE2445AE6FFDE6D4603AC98A /* Pods_Test.framework */ = {isa = PBXFileReference; explicitFileType = wrapper.framework; includeInIndex = 0; path = Pods_Test.framework; sourceTree = BUILT_PRODUCTS_DIR; };
/* End PBXFileReference section */

/* Begin PBXFrameworksBuildPhase section */
		226372D520BB09B3005B3908 /* Frameworks */ = {
			isa = PBXFrameworksBuildPhase;
			buildActionMask = 2147483647;
			files = (
				C4C16318598F3826A4FD2AEB /* Pods_Groups.framework in Frameworks */,
			);
			runOnlyForDeploymentPostprocessing = 0;
		};
/* End PBXFrameworksBuildPhase section */

/* Begin PBXGroup section */
		028946A994D00FF831E6E553 /* Frameworks */ = {
			isa = PBXGroup;
			children = (
				DE2445AE6FFDE6D4603AC98A /* Pods_Test.framework */,
				453DFA77EFF008BA710BA220 /* Pods_Groups.framework */,
			);
			name = Frameworks;
			sourceTree = "<group>";
		};
		221FFBD720BB41310024F6E8 /* Flow Controllers */ = {
			isa = PBXGroup;
			children = (
				221FFBD820BB41310024F6E8 /* Root */,
				221FFBDA20BB41310024F6E8 /* Album */,
				221FFBDD20BB41310024F6E8 /* Base */,
			);
			path = "Flow Controllers";
			sourceTree = "<group>";
		};
		221FFBD820BB41310024F6E8 /* Root */ = {
			isa = PBXGroup;
			children = (
				221FFBD920BB41310024F6E8 /* RootFlowController.swift */,
			);
			path = Root;
			sourceTree = "<group>";
		};
		221FFBDA20BB41310024F6E8 /* Album */ = {
			isa = PBXGroup;
			children = (
				221FFBDC20BB41310024F6E8 /* GroupListFlowController.swift */,
			);
			path = Album;
			sourceTree = "<group>";
		};
		221FFBDD20BB41310024F6E8 /* Base */ = {
			isa = PBXGroup;
			children = (
				221FFBDE20BB41310024F6E8 /* FlowController.swift */,
			);
			path = Base;
			sourceTree = "<group>";
		};
		221FFBE520BB435C0024F6E8 /* Detail */ = {
			isa = PBXGroup;
			children = (
				221FFBE620BB435C0024F6E8 /* GroupDetailViewModel.swift */,
				221FFBE720BB435C0024F6E8 /* GroupDetailViewController.swift */,
			);
			path = Detail;
			sourceTree = "<group>";
		};
		221FFBE820BB435C0024F6E8 /* List */ = {
			isa = PBXGroup;
			children = (
				221FFBE920BB435C0024F6E8 /* GroupListViewController.swift */,
				221FFBEA20BB435C0024F6E8 /* GroupListViewModel.swift */,
			);
			path = List;
			sourceTree = "<group>";
		};
		221FFBEF20BB44B20024F6E8 /* UserDefaults */ = {
			isa = PBXGroup;
			children = (
				221FFBF020BB44B20024F6E8 /* UserDefaultsManager.swift */,
			);
			path = UserDefaults;
			sourceTree = "<group>";
		};
		226372CF20BB09B3005B3908 = {
			isa = PBXGroup;
			children = (
				226372DA20BB09B3005B3908 /* Groups */,
				226372D920BB09B3005B3908 /* Products */,
				F553654D7D9A348504ECE6BD /* Pods */,
				028946A994D00FF831E6E553 /* Frameworks */,
			);
			sourceTree = "<group>";
		};
		226372D920BB09B3005B3908 /* Products */ = {
			isa = PBXGroup;
			children = (
				226372D820BB09B3005B3908 /* Groups.app */,
			);
			name = Products;
			sourceTree = "<group>";
		};
		226372DA20BB09B3005B3908 /* Groups */ = {
			isa = PBXGroup;
			children = (
				226372ED20BB09CA005B3908 /* Classes */,
				2263733720BB1122005B3908 /* Supporting Files */,
				2263733A20BB11AD005B3908 /* Resources */,
			);
			path = Groups;
			sourceTree = "<group>";
		};
		226372ED20BB09CA005B3908 /* Classes */ = {
			isa = PBXGroup;
			children = (
				226372F120BB0A0A005B3908 /* Constants */,
				226372EE20BB09E3005B3908 /* Main */,
				226372FC20BB0B6F005B3908 /* User Interface */,
				2263732E20BB0E0D005B3908 /* Logic */,
				2263734E20BB386C005B3908 /* Data Access */,
			);
			path = Classes;
			sourceTree = "<group>";
		};
		226372EE20BB09E3005B3908 /* Main */ = {
			isa = PBXGroup;
			children = (
				226372EF20BB09F6005B3908 /* AppDelegate.swift */,
			);
			path = Main;
			sourceTree = "<group>";
		};
		226372F120BB0A0A005B3908 /* Constants */ = {
			isa = PBXGroup;
			children = (
				226372F420BB0A51005B3908 /* Font.swift */,
				226372F520BB0A51005B3908 /* GeneralConstants.swift */,
				226372F620BB0A51005B3908 /* ImageAssets.swift */,
				226372F220BB0A51005B3908 /* RawColors.swift */,
				226372F320BB0A51005B3908 /* Strings.swift */,
			);
			path = Constants;
			sourceTree = "<group>";
		};
		226372FC20BB0B6F005B3908 /* User Interface */ = {
			isa = PBXGroup;
			children = (
				221FFBD720BB41310024F6E8 /* Flow Controllers */,
				2263731120BB0B70005B3908 /* Style */,
				226372FD20BB0B70005B3908 /* Storyboards */,
				2263730820BB0B70005B3908 /* View Controllers */,
				2263731320BB0B70005B3908 /* Utilities */,
				2263731620BB0B70005B3908 /* Components */,
			);
			path = "User Interface";
			sourceTree = "<group>";
		};
		226372FD20BB0B70005B3908 /* Storyboards */ = {
			isa = PBXGroup;
			children = (
				221FFBF220BB4AFB0024F6E8 /* Groups.storyboard */,
				2263732A20BB0BDD005B3908 /* LaunchScreen.storyboard */,
			);
			path = Storyboards;
			sourceTree = "<group>";
		};
		2263730820BB0B70005B3908 /* View Controllers */ = {
			isa = PBXGroup;
			children = (
				221FFBE520BB435C0024F6E8 /* Detail */,
				221FFBE820BB435C0024F6E8 /* List */,
				2263730F20BB0B70005B3908 /* Base */,
			);
			path = "View Controllers";
			sourceTree = "<group>";
		};
		2263730F20BB0B70005B3908 /* Base */ = {
			isa = PBXGroup;
			children = (
				2263731020BB0B70005B3908 /* ViewModel.swift */,
			);
			path = Base;
			sourceTree = "<group>";
		};
		2263731120BB0B70005B3908 /* Style */ = {
			isa = PBXGroup;
			children = (
				2263731220BB0B70005B3908 /* AppStyle.swift */,
			);
			path = Style;
			sourceTree = "<group>";
		};
		2263731320BB0B70005B3908 /* Utilities */ = {
			isa = PBXGroup;
			children = (
				2263731420BB0B70005B3908 /* ErrorDisplayManager.swift */,
				2263731520BB0B70005B3908 /* NavBarButtonItemType.swift */,
			);
			path = Utilities;
			sourceTree = "<group>";
		};
		2263731620BB0B70005B3908 /* Components */ = {
			isa = PBXGroup;
			children = (
				2263731720BB0B70005B3908 /* Cells */,
				2263731920BB0B70005B3908 /* TextFields */,
				2263731A20BB0B70005B3908 /* Views */,
			);
			path = Components;
			sourceTree = "<group>";
		};
		2263731720BB0B70005B3908 /* Cells */ = {
			isa = PBXGroup;
			children = (
				2263731820BB0B70005B3908 /* GroupTableViewCell.swift */,
			);
			path = Cells;
			sourceTree = "<group>";
		};
		2263731920BB0B70005B3908 /* TextFields */ = {
			isa = PBXGroup;
			children = (
			);
			path = TextFields;
			sourceTree = "<group>";
		};
		2263731A20BB0B70005B3908 /* Views */ = {
			isa = PBXGroup;
			children = (
			);
			path = Views;
			sourceTree = "<group>";
		};
		2263732E20BB0E0D005B3908 /* Logic */ = {
			isa = PBXGroup;
			children = (
				2263732F20BB0E0D005B3908 /* Model */,
				2263733220BB0E0D005B3908 /* Service */,
			);
			path = Logic;
			sourceTree = "<group>";
		};
		2263732F20BB0E0D005B3908 /* Model */ = {
			isa = PBXGroup;
			children = (
				2263733020BB0E0D005B3908 /* Error.swift */,
				2263736920BB3BD3005B3908 /* Group.swift */,
			);
			path = Model;
			sourceTree = "<group>";
		};
		2263733220BB0E0D005B3908 /* Service */ = {
			isa = PBXGroup;
			children = (
				221FFBE320BB41D90024F6E8 /* GroupManagementService.swift */,
			);
			path = Service;
			sourceTree = "<group>";
		};
		2263733720BB1122005B3908 /* Supporting Files */ = {
			isa = PBXGroup;
			children = (
				2263733820BB113B005B3908 /* Info.plist */,
			);
			path = "Supporting Files";
			sourceTree = "<group>";
		};
		2263733A20BB11AD005B3908 /* Resources */ = {
			isa = PBXGroup;
			children = (
				2263733B20BB11AD005B3908 /* Strings */,
				2263733D20BB11AD005B3908 /* Images */,
				2263733F20BB11AD005B3908 /* Colors */,
			);
			path = Resources;
			sourceTree = "<group>";
		};
		2263733B20BB11AD005B3908 /* Strings */ = {
			isa = PBXGroup;
			children = (
				2263733C20BB11AD005B3908 /* Localizable.strings */,
			);
			path = Strings;
			sourceTree = "<group>";
		};
		2263733D20BB11AD005B3908 /* Images */ = {
			isa = PBXGroup;
			children = (
				2263733E20BB11AD005B3908 /* Assets.xcassets */,
			);
			path = Images;
			sourceTree = "<group>";
		};
		2263733F20BB11AD005B3908 /* Colors */ = {
			isa = PBXGroup;
			children = (
				2263734020BB11AD005B3908 /* colors.txt */,
			);
			path = Colors;
			sourceTree = "<group>";
		};
		2263734E20BB386C005B3908 /* Data Access */ = {
			isa = PBXGroup;
			children = (
				221FFBEF20BB44B20024F6E8 /* UserDefaults */,
				2263734F20BB386C005B3908 /* Database */,
				2263735520BB386C005B3908 /* Network */,
			);
			path = "Data Access";
			sourceTree = "<group>";
		};
		2263734F20BB386C005B3908 /* Database */ = {
			isa = PBXGroup;
			children = (
				2263736720BB3AB0005B3908 /* GroupIds.sqlite */,
				2263735020BB386C005B3908 /* SqliteDbClient.swift */,
				2263735220BB386C005B3908 /* DatabaseManager.swift */,
			);
			path = Database;
			sourceTree = "<group>";
		};
		2263735520BB386C005B3908 /* Network */ = {
			isa = PBXGroup;
			children = (
				2263735620BB386C005B3908 /* Server */,
			);
			path = Network;
			sourceTree = "<group>";
		};
		2263735620BB386C005B3908 /* Server */ = {
			isa = PBXGroup;
			children = (
				2263735720BB386C005B3908 /* Response */,
				2263735920BB386C005B3908 /* Operations */,
				2263735D20BB386C005B3908 /* DataTransform */,
			);
			path = Server;
			sourceTree = "<group>";
		};
		2263735720BB386C005B3908 /* Response */ = {
			isa = PBXGroup;
			children = (
				2263735820BB386C005B3908 /* GroupResponse.swift */,
			);
			path = Response;
			sourceTree = "<group>";
		};
		2263735920BB386C005B3908 /* Operations */ = {
			isa = PBXGroup;
			children = (
				2263735A20BB386C005B3908 /* LoadGroupsOperation.swift */,
				2263735B20BB386C005B3908 /* Base */,
			);
			path = Operations;
			sourceTree = "<group>";
		};
		2263735B20BB386C005B3908 /* Base */ = {
			isa = PBXGroup;
			children = (
				2263735C20BB386C005B3908 /* BaseServerOperation.swift */,
			);
			path = Base;
			sourceTree = "<group>";
		};
		2263735D20BB386C005B3908 /* DataTransform */ = {
			isa = PBXGroup;
			children = (
			);
			path = DataTransform;
			sourceTree = "<group>";
		};
		F553654D7D9A348504ECE6BD /* Pods */ = {
			isa = PBXGroup;
			children = (
				7810D567F96B33A80EA34D42 /* Pods-Test.debug.xcconfig */,
				68A5D3882C77C548F831A29D /* Pods-Test.release.xcconfig */,
				065ED3C829FAA057B497DBE2 /* Pods-Groups.debug.xcconfig */,
				7C1D19F4E954A1BFD2FC0115 /* Pods-Groups.release.xcconfig */,
			);
			name = Pods;
			sourceTree = "<group>";
		};
/* End PBXGroup section */

/* Begin PBXNativeTarget section */
		226372D720BB09B3005B3908 /* Groups */ = {
			isa = PBXNativeTarget;
			buildConfigurationList = 226372EA20BB09B3005B3908 /* Build configuration list for PBXNativeTarget "Groups" */;
			buildPhases = (
				FFF0EB6B20542F7E17909367 /* [CP] Check Pods Manifest.lock */,
				226372D420BB09B3005B3908 /* Sources */,
				226372D520BB09B3005B3908 /* Frameworks */,
				226372D620BB09B3005B3908 /* Resources */,
				BCE84AF702F82B469265B9AC /* [CP] Embed Pods Frameworks */,
				6D0E82AFF763F529F338F586 /* [CP] Copy Pods Resources */,
				2263734B20BB1289005B3908 /* SwiftGen */,
			);
			buildRules = (
			);
			dependencies = (
			);
			name = Groups;
			productName = Test;
			productReference = 226372D820BB09B3005B3908 /* Groups.app */;
			productType = "com.apple.product-type.application";
		};
/* End PBXNativeTarget section */

/* Begin PBXProject section */
		226372D020BB09B3005B3908 /* Project object */ = {
			isa = PBXProject;
			attributes = {
				LastSwiftUpdateCheck = 0920;
				LastUpgradeCheck = 0920;
				ORGANIZATIONNAME = "Peter Meszaros";
				TargetAttributes = {
					226372D720BB09B3005B3908 = {
						CreatedOnToolsVersion = 9.2;
						ProvisioningStyle = Automatic;
					};
				};
			};
			buildConfigurationList = 226372D320BB09B3005B3908 /* Build configuration list for PBXProject "Groups" */;
			compatibilityVersion = "Xcode 8.0";
			developmentRegion = en;
			hasScannedForEncodings = 0;
			knownRegions = (
				en,
				Base,
			);
			mainGroup = 226372CF20BB09B3005B3908;
			productRefGroup = 226372D920BB09B3005B3908 /* Products */;
			projectDirPath = "";
			projectRoot = "";
			targets = (
				226372D720BB09B3005B3908 /* Groups */,
			);
		};
/* End PBXProject section */

/* Begin PBXResourcesBuildPhase section */
		226372D620BB09B3005B3908 /* Resources */ = {
			isa = PBXResourcesBuildPhase;
			buildActionMask = 2147483647;
			files = (
				2263736820BB3AB0005B3908 /* GroupIds.sqlite in Resources */,
				2263734520BB11AE005B3908 /* Localizable.strings in Resources */,
				2263734720BB11AE005B3908 /* colors.txt in Resources */,
				221FFBF320BB4AFB0024F6E8 /* Groups.storyboard in Resources */,
				2263732C20BB0BDD005B3908 /* LaunchScreen.storyboard in Resources */,
				2263734620BB11AE005B3908 /* Assets.xcassets in Resources */,
			);
			runOnlyForDeploymentPostprocessing = 0;
		};
/* End PBXResourcesBuildPhase section */

/* Begin PBXShellScriptBuildPhase section */
		2263734B20BB1289005B3908 /* SwiftGen */ = {
			isa = PBXShellScriptBuildPhase;
			buildActionMask = 2147483647;
			files = (
			);
			inputPaths = (
				"$(SRCROOT)/Groups/Resources/Colors/colors.txt",
				"$(SRCROOT)/Groups/Resources/Strings/Localizable.strings",
				"$(SRCROOT)/Groups/Resources/Images/Assets.xcassets",
			);
			name = SwiftGen;
			outputPaths = (
				"$(SRCROOT)/Groups/Classes/Constants/RawColors.swift",
				"$(SRCROOT)/Groups/Classes/Constants/Strings.swift",
				"$(SRCROOT)/Groups/Classes/Constants/ImageAssets.swift",
			);
			runOnlyForDeploymentPostprocessing = 0;
			shellPath = /bin/sh;
			shellScript = "if which $PODS_ROOT/SwiftGen/bin/swiftgen >/dev/null; then\n$PODS_ROOT/SwiftGen/bin/swiftgen colors ${SCRIPT_INPUT_FILE_0} --output ${SCRIPT_OUTPUT_FILE_0} --template swift3\n$PODS_ROOT/SwiftGen/bin/swiftgen strings ${SCRIPT_INPUT_FILE_1} --output ${SCRIPT_OUTPUT_FILE_1} --template flat-swift3\n$PODS_ROOT/SwiftGen/bin/swiftgen xcassets ${SCRIPT_INPUT_FILE_2} --output ${SCRIPT_OUTPUT_FILE_2} --template swift3\nelse\necho \"SwiftGen does not exist, download from https://github.com/AliSoftware/SwiftGen\"\nfi";
		};
		6D0E82AFF763F529F338F586 /* [CP] Copy Pods Resources */ = {
			isa = PBXShellScriptBuildPhase;
			buildActionMask = 2147483647;
			files = (
			);
			inputPaths = (
			);
			name = "[CP] Copy Pods Resources";
			outputPaths = (
			);
			runOnlyForDeploymentPostprocessing = 0;
			shellPath = /bin/sh;
			shellScript = "\"${SRCROOT}/Pods/Target Support Files/Pods-Groups/Pods-Groups-resources.sh\"\n";
			showEnvVarsInLog = 0;
		};
		BCE84AF702F82B469265B9AC /* [CP] Embed Pods Frameworks */ = {
			isa = PBXShellScriptBuildPhase;
			buildActionMask = 2147483647;
			files = (
			);
			inputPaths = (
				"${SRCROOT}/Pods/Target Support Files/Pods-Groups/Pods-Groups-frameworks.sh",
				"${BUILT_PRODUCTS_DIR}/Alamofire/Alamofire.framework",
				"${BUILT_PRODUCTS_DIR}/ObjectMapper/ObjectMapper.framework",
				"${BUILT_PRODUCTS_DIR}/RxCocoa/RxCocoa.framework",
				"${BUILT_PRODUCTS_DIR}/RxSwift/RxSwift.framework",
				"${BUILT_PRODUCTS_DIR}/SDWebImage/SDWebImage.framework",
				"${BUILT_PRODUCTS_DIR}/SQLite.swift/SQLite.framework",
				"${BUILT_PRODUCTS_DIR}/SwifterSwift/SwifterSwift.framework",
			);
			name = "[CP] Embed Pods Frameworks";
			outputPaths = (
				"${TARGET_BUILD_DIR}/${FRAMEWORKS_FOLDER_PATH}/Alamofire.framework",
				"${TARGET_BUILD_DIR}/${FRAMEWORKS_FOLDER_PATH}/ObjectMapper.framework",
				"${TARGET_BUILD_DIR}/${FRAMEWORKS_FOLDER_PATH}/RxCocoa.framework",
				"${TARGET_BUILD_DIR}/${FRAMEWORKS_FOLDER_PATH}/RxSwift.framework",
				"${TARGET_BUILD_DIR}/${FRAMEWORKS_FOLDER_PATH}/SDWebImage.framework",
				"${TARGET_BUILD_DIR}/${FRAMEWORKS_FOLDER_PATH}/SQLite.framework",
				"${TARGET_BUILD_DIR}/${FRAMEWORKS_FOLDER_PATH}/SwifterSwift.framework",
			);
			runOnlyForDeploymentPostprocessing = 0;
			shellPath = /bin/sh;
			shellScript = "\"${SRCROOT}/Pods/Target Support Files/Pods-Groups/Pods-Groups-frameworks.sh\"\n";
			showEnvVarsInLog = 0;
		};
		FFF0EB6B20542F7E17909367 /* [CP] Check Pods Manifest.lock */ = {
			isa = PBXShellScriptBuildPhase;
			buildActionMask = 2147483647;
			files = (
			);
			inputPaths = (
				"${PODS_PODFILE_DIR_PATH}/Podfile.lock",
				"${PODS_ROOT}/Manifest.lock",
			);
			name = "[CP] Check Pods Manifest.lock";
			outputPaths = (
				"$(DERIVED_FILE_DIR)/Pods-Groups-checkManifestLockResult.txt",
			);
			runOnlyForDeploymentPostprocessing = 0;
			shellPath = /bin/sh;
			shellScript = "diff \"${PODS_PODFILE_DIR_PATH}/Podfile.lock\" \"${PODS_ROOT}/Manifest.lock\" > /dev/null\nif [ $? != 0 ] ; then\n    # print error to STDERR\n    echo \"error: The sandbox is not in sync with the Podfile.lock. Run 'pod install' or update your CocoaPods installation.\" >&2\n    exit 1\nfi\n# This output is used by Xcode 'outputs' to avoid re-running this script phase.\necho \"SUCCESS\" > \"${SCRIPT_OUTPUT_FILE_0}\"\n";
			showEnvVarsInLog = 0;
		};
/* End PBXShellScriptBuildPhase section */

/* Begin PBXSourcesBuildPhase section */
		226372D420BB09B3005B3908 /* Sources */ = {
			isa = PBXSourcesBuildPhase;
			buildActionMask = 2147483647;
			files = (
				226372F020BB09F6005B3908 /* AppDelegate.swift in Sources */,
				226372F920BB0A51005B3908 /* Font.swift in Sources */,
				221FFBEC20BB435C0024F6E8 /* GroupDetailViewController.swift in Sources */,
				2263736320BB386C005B3908 /* LoadGroupsOperation.swift in Sources */,
				221FFBE220BB41310024F6E8 /* FlowController.swift in Sources */,
				2263732520BB0B70005B3908 /* ViewModel.swift in Sources */,
				221FFBED20BB435C0024F6E8 /* GroupListViewController.swift in Sources */,
				221FFBEB20BB435C0024F6E8 /* GroupDetailViewModel.swift in Sources */,
				2263732620BB0B70005B3908 /* AppStyle.swift in Sources */,
				2263733420BB0E0D005B3908 /* Error.swift in Sources */,
				221FFBF120BB44B20024F6E8 /* UserDefaultsManager.swift in Sources */,
				226372F820BB0A51005B3908 /* Strings.swift in Sources */,
				2263736020BB386C005B3908 /* DatabaseManager.swift in Sources */,
				226372FA20BB0A51005B3908 /* GeneralConstants.swift in Sources */,
				2263736A20BB3BD3005B3908 /* Group.swift in Sources */,
				226372FB20BB0A51005B3908 /* ImageAssets.swift in Sources */,
				2263732920BB0B70005B3908 /* GroupTableViewCell.swift in Sources */,
				2263732720BB0B70005B3908 /* ErrorDisplayManager.swift in Sources */,
				226372F720BB0A51005B3908 /* RawColors.swift in Sources */,
				2263732820BB0B70005B3908 /* NavBarButtonItemType.swift in Sources */,
				221FFBEE20BB435C0024F6E8 /* GroupListViewModel.swift in Sources */,
				221FFBDF20BB41310024F6E8 /* RootFlowController.swift in Sources */,
				2263736220BB386C005B3908 /* GroupResponse.swift in Sources */,
				2263735E20BB386C005B3908 /* SqliteDbClient.swift in Sources */,
				221FFBE420BB41DA0024F6E8 /* GroupManagementService.swift in Sources */,
				221FFBE120BB41310024F6E8 /* GroupListFlowController.swift in Sources */,
				2263736420BB386C005B3908 /* BaseServerOperation.swift in Sources */,
			);
			runOnlyForDeploymentPostprocessing = 0;
		};
/* End PBXSourcesBuildPhase section */

/* Begin XCBuildConfiguration section */
		226372E820BB09B3005B3908 /* Debug */ = {
			isa = XCBuildConfiguration;
			buildSettings = {
				ALWAYS_SEARCH_USER_PATHS = NO;
				CLANG_ANALYZER_NONNULL = YES;
				CLANG_ANALYZER_NUMBER_OBJECT_CONVERSION = YES_AGGRESSIVE;
				CLANG_CXX_LANGUAGE_STANDARD = "gnu++14";
				CLANG_CXX_LIBRARY = "libc++";
				CLANG_ENABLE_MODULES = YES;
				CLANG_ENABLE_OBJC_ARC = YES;
				CLANG_WARN_BLOCK_CAPTURE_AUTORELEASING = YES;
				CLANG_WARN_BOOL_CONVERSION = YES;
				CLANG_WARN_COMMA = YES;
				CLANG_WARN_CONSTANT_CONVERSION = YES;
				CLANG_WARN_DIRECT_OBJC_ISA_USAGE = YES_ERROR;
				CLANG_WARN_DOCUMENTATION_COMMENTS = YES;
				CLANG_WARN_EMPTY_BODY = YES;
				CLANG_WARN_ENUM_CONVERSION = YES;
				CLANG_WARN_INFINITE_RECURSION = YES;
				CLANG_WARN_INT_CONVERSION = YES;
				CLANG_WARN_NON_LITERAL_NULL_CONVERSION = YES;
				CLANG_WARN_OBJC_LITERAL_CONVERSION = YES;
				CLANG_WARN_OBJC_ROOT_CLASS = YES_ERROR;
				CLANG_WARN_RANGE_LOOP_ANALYSIS = YES;
				CLANG_WARN_STRICT_PROTOTYPES = YES;
				CLANG_WARN_SUSPICIOUS_MOVE = YES;
				CLANG_WARN_UNGUARDED_AVAILABILITY = YES_AGGRESSIVE;
				CLANG_WARN_UNREACHABLE_CODE = YES;
				CLANG_WARN__DUPLICATE_METHOD_MATCH = YES;
				CODE_SIGN_IDENTITY = "iPhone Developer";
				COPY_PHASE_STRIP = NO;
				DEBUG_INFORMATION_FORMAT = dwarf;
				ENABLE_STRICT_OBJC_MSGSEND = YES;
				ENABLE_TESTABILITY = YES;
				GCC_C_LANGUAGE_STANDARD = gnu11;
				GCC_DYNAMIC_NO_PIC = NO;
				GCC_NO_COMMON_BLOCKS = YES;
				GCC_OPTIMIZATION_LEVEL = 0;
				GCC_PREPROCESSOR_DEFINITIONS = (
					"DEBUG=1",
					"$(inherited)",
				);
				GCC_WARN_64_TO_32_BIT_CONVERSION = YES;
				GCC_WARN_ABOUT_RETURN_TYPE = YES_ERROR;
				GCC_WARN_UNDECLARED_SELECTOR = YES;
				GCC_WARN_UNINITIALIZED_AUTOS = YES_AGGRESSIVE;
				GCC_WARN_UNUSED_FUNCTION = YES;
				GCC_WARN_UNUSED_VARIABLE = YES;
				IPHONEOS_DEPLOYMENT_TARGET = 11.2;
				MTL_ENABLE_DEBUG_INFO = YES;
				ONLY_ACTIVE_ARCH = YES;
				SDKROOT = iphoneos;
				SWIFT_ACTIVE_COMPILATION_CONDITIONS = DEBUG;
				SWIFT_OPTIMIZATION_LEVEL = "-Onone";
			};
			name = Debug;
		};
		226372E920BB09B3005B3908 /* Release */ = {
			isa = XCBuildConfiguration;
			buildSettings = {
				ALWAYS_SEARCH_USER_PATHS = NO;
				CLANG_ANALYZER_NONNULL = YES;
				CLANG_ANALYZER_NUMBER_OBJECT_CONVERSION = YES_AGGRESSIVE;
				CLANG_CXX_LANGUAGE_STANDARD = "gnu++14";
				CLANG_CXX_LIBRARY = "libc++";
				CLANG_ENABLE_MODULES = YES;
				CLANG_ENABLE_OBJC_ARC = YES;
				CLANG_WARN_BLOCK_CAPTURE_AUTORELEASING = YES;
				CLANG_WARN_BOOL_CONVERSION = YES;
				CLANG_WARN_COMMA = YES;
				CLANG_WARN_CONSTANT_CONVERSION = YES;
				CLANG_WARN_DIRECT_OBJC_ISA_USAGE = YES_ERROR;
				CLANG_WARN_DOCUMENTATION_COMMENTS = YES;
				CLANG_WARN_EMPTY_BODY = YES;
				CLANG_WARN_ENUM_CONVERSION = YES;
				CLANG_WARN_INFINITE_RECURSION = YES;
				CLANG_WARN_INT_CONVERSION = YES;
				CLANG_WARN_NON_LITERAL_NULL_CONVERSION = YES;
				CLANG_WARN_OBJC_LITERAL_CONVERSION = YES;
				CLANG_WARN_OBJC_ROOT_CLASS = YES_ERROR;
				CLANG_WARN_RANGE_LOOP_ANALYSIS = YES;
				CLANG_WARN_STRICT_PROTOTYPES = YES;
				CLANG_WARN_SUSPICIOUS_MOVE = YES;
				CLANG_WARN_UNGUARDED_AVAILABILITY = YES_AGGRESSIVE;
				CLANG_WARN_UNREACHABLE_CODE = YES;
				CLANG_WARN__DUPLICATE_METHOD_MATCH = YES;
				CODE_SIGN_IDENTITY = "iPhone Developer";
				COPY_PHASE_STRIP = NO;
				DEBUG_INFORMATION_FORMAT = "dwarf-with-dsym";
				ENABLE_NS_ASSERTIONS = NO;
				ENABLE_STRICT_OBJC_MSGSEND = YES;
				GCC_C_LANGUAGE_STANDARD = gnu11;
				GCC_NO_COMMON_BLOCKS = YES;
				GCC_WARN_64_TO_32_BIT_CONVERSION = YES;
				GCC_WARN_ABOUT_RETURN_TYPE = YES_ERROR;
				GCC_WARN_UNDECLARED_SELECTOR = YES;
				GCC_WARN_UNINITIALIZED_AUTOS = YES_AGGRESSIVE;
				GCC_WARN_UNUSED_FUNCTION = YES;
				GCC_WARN_UNUSED_VARIABLE = YES;
				IPHONEOS_DEPLOYMENT_TARGET = 11.2;
				MTL_ENABLE_DEBUG_INFO = NO;
				SDKROOT = iphoneos;
				SWIFT_OPTIMIZATION_LEVEL = "-Owholemodule";
				VALIDATE_PRODUCT = YES;
			};
			name = Release;
		};
		226372EB20BB09B3005B3908 /* Debug */ = {
			isa = XCBuildConfiguration;
			baseConfigurationReference = 065ED3C829FAA057B497DBE2 /* Pods-Groups.debug.xcconfig */;
			buildSettings = {
				ASSETCATALOG_COMPILER_APPICON_NAME = AppIcon;
				CODE_SIGN_STYLE = Automatic;
				DEVELOPMENT_TEAM = QLNP47L7Y4;
				INFOPLIST_FILE = "$(SRCROOT)/Groups/Supporting Files/Info.plist";
				IPHONEOS_DEPLOYMENT_TARGET = 9.0;
				LD_RUNPATH_SEARCH_PATHS = "$(inherited) @executable_path/Frameworks";
				PRODUCT_BUNDLE_IDENTIFIER = meszarospeter.Test;
				PRODUCT_NAME = "$(TARGET_NAME)";
				SWIFT_VERSION = 4.0;
				TARGETED_DEVICE_FAMILY = "1,2";
			};
			name = Debug;
		};
		226372EC20BB09B3005B3908 /* Release */ = {
			isa = XCBuildConfiguration;
			baseConfigurationReference = 7C1D19F4E954A1BFD2FC0115 /* Pods-Groups.release.xcconfig */;
			buildSettings = {
				ASSETCATALOG_COMPILER_APPICON_NAME = AppIcon;
				CODE_SIGN_STYLE = Automatic;
				DEVELOPMENT_TEAM = QLNP47L7Y4;
				INFOPLIST_FILE = "$(SRCROOT)/Groups/Supporting Files/Info.plist";
				IPHONEOS_DEPLOYMENT_TARGET = 9.0;
				LD_RUNPATH_SEARCH_PATHS = "$(inherited) @executable_path/Frameworks";
				PRODUCT_BUNDLE_IDENTIFIER = meszarospeter.Test;
				PRODUCT_NAME = "$(TARGET_NAME)";
				SWIFT_VERSION = 4.0;
				TARGETED_DEVICE_FAMILY = "1,2";
			};
			name = Release;
		};
/* End XCBuildConfiguration section */

/* Begin XCConfigurationList section */
		226372D320BB09B3005B3908 /* Build configuration list for PBXProject "Groups" */ = {
			isa = XCConfigurationList;
			buildConfigurations = (
				226372E820BB09B3005B3908 /* Debug */,
				226372E920BB09B3005B3908 /* Release */,
			);
			defaultConfigurationIsVisible = 0;
			defaultConfigurationName = Release;
		};
		226372EA20BB09B3005B3908 /* Build configuration list for PBXNativeTarget "Groups" */ = {
			isa = XCConfigurationList;
			buildConfigurations = (
				226372EB20BB09B3005B3908 /* Debug */,
				226372EC20BB09B3005B3908 /* Release */,
			);
			defaultConfigurationIsVisible = 0;
			defaultConfigurationName = Release;
		};
/* End XCConfigurationList section */
	};
	rootObject = 226372D020BB09B3005B3908 /* Project object */;
}
